
Microsoft Visual Studio Solution File, Format Version 12.00
# Visual Studio Version 17
VisualStudioVersion = 17.7.34031.279
MinimumVisualStudioVersion = 10.0.40219.1
Project("{FAE04EC0-301F-11D3-BF4B-00C04F79EFBC}") = "mp3tag", "mp3tag\mp3tag.csproj", "{FA5B7EAA-9BCD-44B9-9F49-0CFCA58896D4}"
EndProject
Global
	GlobalSection(SolutionConfigurationPlatforms) = preSolution
		Debug|Any CPU = Debug|Any CPU
		Release|Any CPU = Release|Any CPU
	EndGlobalSection
	GlobalSection(ProjectConfigurationPlatforms) = postSolution
		{FA5B7EAA-9BCD-44B9-9F49-0CFCA58896D4}.Debug|Any CPU.ActiveCfg = Debug|Any CPU
		{FA5B7EAA-9BCD-44B9-9F49-0CFCA58896D4}.Debug|Any CPU.Build.0 = Debug|Any CPU
		{FA5B7EAA-9BCD-44B9-9F49-0CFCA58896D4}.Release|Any CPU.ActiveCfg = Release|Any CPU
		{FA5B7EAA-9BCD-44B9-9F49-0CFCA58896D4}.Release|Any CPU.Build.0 = Release|Any CPU
	EndGlobalSection
	GlobalSection(SolutionProperties) = preSolution
		HideSolutionNode = FALSE
	EndGlobalSection
	GlobalSection(ExtensibilityGlobals) = postSolution
		SolutionGuid = {BA55478C-88E9-4FF4-AD89-3900135796BF}
	EndGlobalSection
EndGlobal
